{
  "name": "columnium",
  "version": "1.0.0",
  "lockfileVersion": 2,
  "requires": true,
  "packages": {
    "": {
      "version": "1.0.0",
      "license": "ISC",
      "dependencies": {
        "bcrypt": "^5.1.1",
        "express": "^5.1.0",
        "jsonwebtoken": "^9.0.2",
        "sqlite3": "^5.1.7",
        "multer": "^1.4.4"
      }
    }
  }
}
